
Microsoft Visual Studio Solution File, Format Version 12.00
# Visual Studio Version 17
VisualStudioVersion = 17.3.32929.385
MinimumVisualStudioVersion = 10.0.40219.1
Project("{8BC9CEB8-8B4A-11D0-8D11-00A0C91BC942}") = "polinoms", "Polinoms.vcxproj", "{B4046D6E-A25E-4031-81AA-6B1F0159023B}"
EndProject
Project("{8BC9CEB8-8B4A-11D0-8D11-00A0C91BC942}") = "sample", "..\sample\sample.vcxproj", "{1801D2D7-A9F2-4FAB-9646-6DA106E73927}"
EndProject
Project("{8BC9CEB8-8B4A-11D0-8D11-00A0C91BC942}") = "test", "..\Test\test.vcxproj", "{8ECD9F11-CFDF-444D-9E86-DB8986155CD1}"
	ProjectSection(ProjectDependencies) = postProject
		{1DC720E9-27B5-4C7C-BA81-65B198339ACC} = {1DC720E9-27B5-4C7C-BA81-65B198339ACC}
	EndProjectSection
EndProject
Project("{8BC9CEB8-8B4A-11D0-8D11-00A0C91BC942}") = "gtest", "..\gtest\gtest.vcxproj", "{1DC720E9-27B5-4C7C-BA81-65B198339ACC}"
EndProject
Global
	GlobalSection(SolutionConfigurationPlatforms) = preSolution
		Debug|x64 = Debug|x64
		Debug|x86 = Debug|x86
		Release|x64 = Release|x64
		Release|x86 = Release|x86
	EndGlobalSection
	GlobalSection(ProjectConfigurationPlatforms) = postSolution
		{B4046D6E-A25E-4031-81AA-6B1F0159023B}.Debug|x64.ActiveCfg = Debug|x64
		{B4046D6E-A25E-4031-81AA-6B1F0159023B}.Debug|x64.Build.0 = Debug|x64
		{B4046D6E-A25E-4031-81AA-6B1F0159023B}.Debug|x86.ActiveCfg = Debug|Win32
		{B4046D6E-A25E-4031-81AA-6B1F0159023B}.Debug|x86.Build.0 = Debug|Win32
		{B4046D6E-A25E-4031-81AA-6B1F0159023B}.Release|x64.ActiveCfg = Release|x64
		{B4046D6E-A25E-4031-81AA-6B1F0159023B}.Release|x64.Build.0 = Release|x64
		{B4046D6E-A25E-4031-81AA-6B1F0159023B}.Release|x86.ActiveCfg = Release|Win32
		{B4046D6E-A25E-4031-81AA-6B1F0159023B}.Release|x86.Build.0 = Release|Win32
		{1801D2D7-A9F2-4FAB-9646-6DA106E73927}.Debug|x64.ActiveCfg = Debug|x64
		{1801D2D7-A9F2-4FAB-9646-6DA106E73927}.Debug|x64.Build.0 = Debug|x64
		{1801D2D7-A9F2-4FAB-9646-6DA106E73927}.Debug|x86.ActiveCfg = Debug|Win32
		{1801D2D7-A9F2-4FAB-9646-6DA106E73927}.Debug|x86.Build.0 = Debug|Win32
		{1801D2D7-A9F2-4FAB-9646-6DA106E73927}.Release|x64.ActiveCfg = Release|x64
		{1801D2D7-A9F2-4FAB-9646-6DA106E73927}.Release|x64.Build.0 = Release|x64
		{1801D2D7-A9F2-4FAB-9646-6DA106E73927}.Release|x86.ActiveCfg = Release|Win32
		{1801D2D7-A9F2-4FAB-9646-6DA106E73927}.Release|x86.Build.0 = Release|Win32
		{8ECD9F11-CFDF-444D-9E86-DB8986155CD1}.Debug|x64.ActiveCfg = Debug|x64
		{8ECD9F11-CFDF-444D-9E86-DB8986155CD1}.Debug|x64.Build.0 = Debug|x64
		{8ECD9F11-CFDF-444D-9E86-DB8986155CD1}.Debug|x86.ActiveCfg = Debug|Win32
		{8ECD9F11-CFDF-444D-9E86-DB8986155CD1}.Debug|x86.Build.0 = Debug|Win32
		{8ECD9F11-CFDF-444D-9E86-DB8986155CD1}.Release|x64.ActiveCfg = Release|x64
		{8ECD9F11-CFDF-444D-9E86-DB8986155CD1}.Release|x64.Build.0 = Release|x64
		{8ECD9F11-CFDF-444D-9E86-DB8986155CD1}.Release|x86.ActiveCfg = Release|Win32
		{8ECD9F11-CFDF-444D-9E86-DB8986155CD1}.Release|x86.Build.0 = Release|Win32
		{1DC720E9-27B5-4C7C-BA81-65B198339ACC}.Debug|x64.ActiveCfg = Debug|x64
		{1DC720E9-27B5-4C7C-BA81-65B198339ACC}.Debug|x64.Build.0 = Debug|x64
		{1DC720E9-27B5-4C7C-BA81-65B198339ACC}.Debug|x86.ActiveCfg = Debug|Win32
		{1DC720E9-27B5-4C7C-BA81-65B198339ACC}.Debug|x86.Build.0 = Debug|Win32
		{1DC720E9-27B5-4C7C-BA81-65B198339ACC}.Release|x64.ActiveCfg = Release|x64
		{1DC720E9-27B5-4C7C-BA81-65B198339ACC}.Release|x64.Build.0 = Release|x64
		{1DC720E9-27B5-4C7C-BA81-65B198339ACC}.Release|x86.ActiveCfg = Release|Win32
		{1DC720E9-27B5-4C7C-BA81-65B198339ACC}.Release|x86.Build.0 = Release|Win32
	EndGlobalSection
	GlobalSection(SolutionProperties) = preSolution
		HideSolutionNode = FALSE
	EndGlobalSection
	GlobalSection(ExtensibilityGlobals) = postSolution
		SolutionGuid = {29B2C9A1-EBD2-465B-9315-EA8B01131D96}
	EndGlobalSection
EndGlobal
